// !$*UTF8*$!
{
	archiveVersion = 1;
	classes = {
	};
	objectVersion = 50;
	objects = {

/* Begin PBXBuildFile section */
		26080B6823A15086002C2417 /* 8271_iphone_2.mp3 in Resources */ = {isa = PBXBuildFile; fileRef = 26080B6723A15086002C2417 /* 8271_iphone_2.mp3 */; };
		26D23D16239FF68E0014828A /* AppDelegate.swift in Sources */ = {isa = PBXBuildFile; fileRef = 26D23D15239FF68E0014828A /* AppDelegate.swift */; };
		26D23D18239FF68E0014828A /* SceneDelegate.swift in Sources */ = {isa = PBXBuildFile; fileRef = 26D23D17239FF68E0014828A /* SceneDelegate.swift */; };
		26D23D1A239FF68E0014828A /* ViewController.swift in Sources */ = {isa = PBXBuildFile; fileRef = 26D23D19239FF68E0014828A /* ViewController.swift */; };
		26D23D1D239FF68E0014828A /* Main.storyboard in Resources */ = {isa = PBXBuildFile; fileRef = 26D23D1B239FF68E0014828A /* Main.storyboard */; };
		26D23D1F239FF68E0014828A /* Assets.xcassets in Resources */ = {isa = PBXBuildFile; fileRef = 26D23D1E239FF68E0014828A /* Assets.xcassets */; };
		26D23D22239FF68E0014828A /* LaunchScreen.storyboard in Resources */ = {isa = PBXBuildFile; fileRef = 26D23D20239FF68E0014828A /* LaunchScreen.storyboard */; };
/* End PBXBuildFile section */

/* Begin PBXFileReference section */
		26080B6723A15086002C2417 /* 8271_iphone_2.mp3 */ = {isa = PBXFileReference; lastKnownFileType = audio.mp3; path = 8271_iphone_2.mp3; sourceTree = "<group>"; };
		26D23D12239FF68E0014828A /* TeaTimer.app */ = {isa = PBXFileReference; explicitFileType = wrapper.application; includeInIndex = 0; path = TeaTimer.app; sourceTree = BUILT_PRODUCTS_DIR; };
		26D23D15239FF68E0014828A /* AppDelegate.swift */ = {isa = PBXFileReference; lastKnownFileType = sourcecode.swift; path = AppDelegate.swift; sourceTree = "<group>"; };
		26D23D17239FF68E0014828A /* SceneDelegate.swift */ = {isa = PBXFileReference; lastKnownFileType = sourcecode.swift; path = SceneDelegate.swift; sourceTree = "<group>"; };
		26D23D19239FF68E0014828A /* ViewController.swift */ = {isa = PBXFileReference; lastKnownFileType = sourcecode.swift; path = ViewController.swift; sourceTree = "<group>"; };
		26D23D1C239FF68E0014828A /* Base */ = {isa = PBXFileReference; lastKnownFileType = file.storyboard; name = Base; path = Base.lproj/Main.storyboard; sourceTree = "<group>"; };
		26D23D1E239FF68E0014828A /* Assets.xcassets */ = {isa = PBXFileReference; lastKnownFileType = folder.assetcatalog; path = Assets.xcassets; sourceTree = "<group>"; };
		26D23D21239FF68E0014828A /* Base */ = {isa = PBXFileReference; lastKnownFileType = file.storyboard; name = Base; path = Base.lproj/LaunchScreen.storyboard; sourceTree = "<group>"; };
		26D23D23239FF68E0014828A /* Info.plist */ = {isa = PBXFileReference; lastKnownFileType = text.plist.xml; path = Info.plist; sourceTree = "<group>"; };
/* End PBXFileReference section */

/* Begin PBXFrameworksBuildPhase section */
		26D23D0F239FF68E0014828A /* Frameworks */ = {
			isa = PBXFrameworksBuildPhase;
			buildActionMask = 2147483647;
			files = (
			);
			runOnlyForDeploymentPostprocessing = 0;
		};
/* End PBXFrameworksBuildPhase section */

/* Begin PBXGroup section */
		26D23D09239FF68E0014828A = {
			isa = PBXGroup;
			children = (
				26D23D14239FF68E0014828A /* TeaTimer */,
				26D23D13239FF68E0014828A /* Products */,
			);
			sourceTree = "<group>";
		};
		26D23D13239FF68E0014828A /* Products */ = {
			isa = PBXGroup;
			children = (
				26D23D12239FF68E0014828A /* TeaTimer.app */,
			);
			name = Products;
			sourceTree = "<group>";
		};
		26D23D14239FF68E0014828A /* TeaTimer */ = {
			isa = PBXGroup;
			children = (
				26D23D15239FF68E0014828A /* AppDelegate.swift */,
				26D23D17239FF68E0014828A /* SceneDelegate.swift */,
				26D23D19239FF68E0014828A /* ViewController.swift */,
				26D23D1B239FF68E0014828A /* Main.storyboard */,
				26D23D1E239FF68E0014828A /* Assets.xcassets */,
				26D23D20239FF68E0014828A /* LaunchScreen.storyboard */,
				26D23D23239FF68E0014828A /* Info.plist */,
				26080B6723A15086002C2417 /* 8271_iphone_2.mp3 */,
			);
			path = TeaTimer;
			sourceTree = "<group>";
		};
/* End PBXGroup section */

/* Begin PBXNativeTarget section */
		26D23D11239FF68E0014828A /* TeaTimer */ = {
			isa = PBXNativeTarget;
			buildConfigurationList = 26D23D26239FF68E0014828A /* Build configuration list for PBXNativeTarget "TeaTimer" */;
			buildPhases = (
				26D23D0E239FF68E0014828A /* Sources */,
				26D23D0F239FF68E0014828A /* Frameworks */,
				26D23D10239FF68E0014828A /* Resources */,
			);
			buildRules = (
			);
			dependencies = (
			);
			name = TeaTimer;
			productName = TeaTimer;
			productReference = 26D23D12239FF68E0014828A /* TeaTimer.app */;
			productType = "com.apple.product-type.application";
		};
/* End PBXNativeTarget section */

/* Begin PBXProject section */
		26D23D0A239FF68E0014828A /* Project object */ = {
			isa = PBXProject;
			attributes = {
				LastSwiftUpdateCheck = 1120;
				LastUpgradeCheck = 1120;
				ORGANIZATIONNAME = "Salman Mohammed";
				TargetAttributes = {
					26D23D11239FF68E0014828A = {
						CreatedOnToolsVersion = 11.2.1;
					};
				};
			};
			buildConfigurationList = 26D23D0D239FF68E0014828A /* Build configuration list for PBXProject "TeaTimer" */;
			compatibilityVersion = "Xcode 9.3";
			developmentRegion = en;
			hasScannedForEncodings = 0;
			knownRegions = (
				en,
				Base,
			);
			mainGroup = 26D23D09239FF68E0014828A;
			productRefGroup = 26D23D13239FF68E0014828A /* Products */;
			projectDirPath = "";
			projectRoot = "";
			targets = (
				26D23D11239FF68E0014828A /* TeaTimer */,
			);
		};
/* End PBXProject section */

/* Begin PBXResourcesBuildPhase section */
		26D23D10239FF68E0014828A /* Resources */ = {
			isa = PBXResourcesBuildPhase;
			buildActionMask = 2147483647;
			files = (
				26080B6823A15086002C2417 /* 8271_iphone_2.mp3 in Resources */,
				26D23D22239FF68E0014828A /* LaunchScreen.storyboard in Resources */,
				26D23D1F239FF68E0014828A /* Assets.xcassets in Resources */,
				26D23D1D239FF68E0014828A /* Main.storyboard in Resources */,
			);
			runOnlyForDeploymentPostprocessing = 0;
		};
/* End PBXResourcesBuildPhase section */

/* Begin PBXSourcesBuildPhase section */
		26D23D0E239FF68E0014828A /* Sources */ = {
			isa = PBXSourcesBuildPhase;
			buildActionMask = 2147483647;
			files = (
				26D23D1A239FF68E0014828A /* ViewController.swift in Sources */,
				26D23D16239FF68E0014828A /* AppDelegate.swift in Sources */,
				26D23D18239FF68E0014828A /* SceneDelegate.swift in Sources */,
			);
			runOnlyForDeploymentPostprocessing = 0;
		};
/* End PBXSourcesBuildPhase section */

/* Begin PBXVariantGroup section */
		26D23D1B239FF68E0014828A /* Main.storyboard */ = {
			isa = PBXVariantGroup;
			children = (
				26D23D1C239FF68E0014828A /* Base */,
			);
			name = Main.storyboard;
			sourceTree = "<group>";
		};
		26D23D20239FF68E0014828A /* LaunchScreen.storyboard */ = {
			isa = PBXVariantGroup;
			children = (
				26D23D21239FF68E0014828A /* Base */,
			);
			name = LaunchScreen.storyboard;
			sourceTree = "<group>";
		};
/* End PBXVariantGroup section */

/* Begin XCBuildConfiguration section */
		26D23D24239FF68E0014828A /* Debug */ = {
			isa = XCBuildConfiguration;
			buildSettings = {
				ALWAYS_SEARCH_USER_PATHS = NO;
				CLANG_ANALYZER_NONNULL = YES;
				CLANG_ANALYZER_NUMBER_OBJECT_CONVERSION = YES_AGGRESSIVE;
				CLANG_CXX_LANGUAGE_STANDARD = "gnu++14";
				CLANG_CXX_LIBRARY = "libc++";
				CLANG_ENABLE_MODULES = YES;
				CLANG_ENABLE_OBJC_ARC = YES;
				CLANG_ENABLE_OBJC_WEAK = YES;
				CLANG_WARN_BLOCK_CAPTURE_AUTORELEASING = YES;
				CLANG_WARN_BOOL_CONVERSION = YES;
				CLANG_WARN_COMMA = YES;
				CLANG_WARN_CONSTANT_CONVERSION = YES;
				CLANG_WARN_DEPRECATED_OBJC_IMPLEMENTATIONS = YES;
				CLANG_WARN_DIRECT_OBJC_ISA_USAGE = YES_ERROR;
				CLANG_WARN_DOCUMENTATION_COMMENTS = YES;
				CLANG_WARN_EMPTY_BODY = YES;
				CLANG_WARN_ENUM_CONVERSION = YES;
				CLANG_WARN_INFINITE_RECURSION = YES;
				CLANG_WARN_INT_CONVERSION = YES;
				CLANG_WARN_NON_LITERAL_NULL_CONVERSION = YES;
				CLANG_WARN_OBJC_IMPLICIT_RETAIN_SELF = YES;
				CLANG_WARN_OBJC_LITERAL_CONVERSION = YES;
				CLANG_WARN_OBJC_ROOT_CLASS = YES_ERROR;
				CLANG_WARN_RANGE_LOOP_ANALYSIS = YES;
				CLANG_WARN_STRICT_PROTOTYPES = YES;
				CLANG_WARN_SUSPICIOUS_MOVE = YES;
				CLANG_WARN_UNGUARDED_AVAILABILITY = YES_AGGRESSIVE;
				CLANG_WARN_UNREACHABLE_CODE = YES;
				CLANG_WARN__DUPLICATE_METHOD_MATCH = YES;
				COPY_PHASE_STRIP = NO;
				DEBUG_INFORMATION_FORMAT = dwarf;
				ENABLE_STRICT_OBJC_MSGSEND = YES;
				ENABLE_TESTABILITY = YES;
				GCC_C_LANGUAGE_STANDARD = gnu11;
				GCC_DYNAMIC_NO_PIC = NO;
				GCC_NO_COMMON_BLOCKS = YES;
				GCC_OPTIMIZATION_LEVEL = 0;
				GCC_PREPROCESSOR_DEFINITIONS = (
					"DEBUG=1",
					"$(inherited)",
				);
				GCC_WARN_64_TO_32_BIT_CONVERSION = YES;
				GCC_WARN_ABOUT_RETURN_TYPE = YES_ERROR;
				GCC_WARN_UNDECLARED_SELECTOR = YES;
				GCC_WARN_UNINITIALIZED_AUTOS = YES_AGGRESSIVE;
				GCC_WARN_UNUSED_FUNCTION = YES;
				GCC_WARN_UNUSED_VARIABLE = YES;
				IPHONEOS_DEPLOYMENT_TARGET = 13.2;
				MTL_ENABLE_DEBUG_INFO = INCLUDE_SOURCE;
				MTL_FAST_MATH = YES;
				ONLY_ACTIVE_ARCH = YES;
				SDKROOT = iphoneos;
				SWIFT_ACTIVE_COMPILATION_CONDITIONS = DEBUG;
				SWIFT_OPTIMIZATION_LEVEL = "-Onone";
			};
			name = Debug;
		};
		26D23D25239FF68E0014828A /* Release */ = {
			isa = XCBuildConfiguration;
			buildSettings = {
				ALWAYS_SEARCH_USER_PATHS = NO;
				CLANG_ANALYZER_NONNULL = YES;
				CLANG_ANALYZER_NUMBER_OBJECT_CONVERSION = YES_AGGRESSIVE;
				CLANG_CXX_LANGUAGE_STANDARD = "gnu++14";
				CLANG_CXX_LIBRARY = "libc++";
				CLANG_ENABLE_MODULES = YES;
				CLANG_ENABLE_OBJC_ARC = YES;
				CLANG_ENABLE_OBJC_WEAK = YES;
				CLANG_WARN_BLOCK_CAPTURE_AUTORELEASING = YES;
				CLANG_WARN_BOOL_CONVERSION = YES;
				CLANG_WARN_COMMA = YES;
				CLANG_WARN_CONSTANT_CONVERSION = YES;
				CLANG_WARN_DEPRECATED_OBJC_IMPLEMENTATIONS = YES;
				CLANG_WARN_DIRECT_OBJC_ISA_USAGE = YES_ERROR;
				CLANG_WARN_DOCUMENTATION_COMMENTS = YES;
				CLANG_WARN_EMPTY_BODY = YES;
				CLANG_WARN_ENUM_CONVERSION = YES;
				CLANG_WARN_INFINITE_RECURSION = YES;
				CLANG_WARN_INT_CONVERSION = YES;
				CLANG_WARN_NON_LITERAL_NULL_CONVERSION = YES;
				CLANG_WARN_OBJC_IMPLICIT_RETAIN_SELF = YES;
				CLANG_WARN_OBJC_LITERAL_CONVERSION = YES;
				CLANG_WARN_OBJC_ROOT_CLASS = YES_ERROR;
				CLANG_WARN_RANGE_LOOP_ANALYSIS = YES;
				CLANG_WARN_STRICT_PROTOTYPES = YES;
				CLANG_WARN_SUSPICIOUS_MOVE = YES;
				CLANG_WARN_UNGUARDED_AVAILABILITY = YES_AGGRESSIVE;
				CLANG_WARN_UNREACHABLE_CODE = YES;
				CLANG_WARN__DUPLICATE_METHOD_MATCH = YES;
				COPY_PHASE_STRIP = NO;
				DEBUG_INFORMATION_FORMAT = "dwarf-with-dsym";
				ENABLE_NS_ASSERTIONS = NO;
				ENABLE_STRICT_OBJC_MSGSEND = YES;
				GCC_C_LANGUAGE_STANDARD = gnu11;
				GCC_NO_COMMON_BLOCKS = YES;
				GCC_WARN_64_TO_32_BIT_CONVERSION = YES;
				GCC_WARN_ABOUT_RETURN_TYPE = YES_ERROR;
				GCC_WARN_UNDECLARED_SELECTOR = YES;
				GCC_WARN_UNINITIALIZED_AUTOS = YES_AGGRESSIVE;
				GCC_WARN_UNUSED_FUNCTION = YES;
				GCC_WARN_UNUSED_VARIABLE = YES;
				IPHONEOS_DEPLOYMENT_TARGET = 13.2;
				MTL_ENABLE_DEBUG_INFO = NO;
				MTL_FAST_MATH = YES;
				SDKROOT = iphoneos;
				SWIFT_COMPILATION_MODE = wholemodule;
				SWIFT_OPTIMIZATION_LEVEL = "-O";
				VALIDATE_PRODUCT = YES;
			};
			name = Release;
		};
		26D23D27239FF68E0014828A /* Debug */ = {
			isa = XCBuildConfiguration;
			buildSettings = {
				ASSETCATALOG_COMPILER_APPICON_NAME = AppIcon;
				CODE_SIGN_STYLE = Automatic;
				DEVELOPMENT_TEAM = N2S2R63BS6;
				INFOPLIST_FILE = TeaTimer/Info.plist;
				LD_RUNPATH_SEARCH_PATHS = (
					"$(inherited)",
					"@executable_path/Frameworks",
				);
				PRODUCT_BUNDLE_IDENTIFIER = SalmanMohammed.TeaTimer;
				PRODUCT_NAME = "$(TARGET_NAME)";
				SWIFT_VERSION = 5.0;
				TARGETED_DEVICE_FAMILY = "1,2";
			};
			name = Debug;
		};
		26D23D28239FF68E0014828A /* Release */ = {
			isa = XCBuildConfiguration;
			buildSettings = {
				ASSETCATALOG_COMPILER_APPICON_NAME = AppIcon;
				CODE_SIGN_STYLE = Automatic;
				DEVELOPMENT_TEAM = N2S2R63BS6;
				INFOPLIST_FILE = TeaTimer/Info.plist;
				LD_RUNPATH_SEARCH_PATHS = (
					"$(inherited)",
					"@executable_path/Frameworks",
				);
				PRODUCT_BUNDLE_IDENTIFIER = SalmanMohammed.TeaTimer;
				PRODUCT_NAME = "$(TARGET_NAME)";
				SWIFT_VERSION = 5.0;
				TARGETED_DEVICE_FAMILY = "1,2";
			};
			name = Release;
		};
/* End XCBuildConfiguration section */

/* Begin XCConfigurationList section */
		26D23D0D239FF68E0014828A /* Build configuration list for PBXProject "TeaTimer" */ = {
			isa = XCConfigurationList;
			buildConfigurations = (
				26D23D24239FF68E0014828A /* Debug */,
				26D23D25239FF68E0014828A /* Release */,
			);
			defaultConfigurationIsVisible = 0;
			defaultConfigurationName = Release;
		};
		26D23D26239FF68E0014828A /* Build configuration list for PBXNativeTarget "TeaTimer" */ = {
			isa = XCConfigurationList;
			buildConfigurations = (
				26D23D27239FF68E0014828A /* Debug */,
				26D23D28239FF68E0014828A /* Release */,
			);
			defaultConfigurationIsVisible = 0;
			defaultConfigurationName = Release;
		};
/* End XCConfigurationList section */
	};
	rootObject = 26D23D0A239FF68E0014828A /* Project object */;
}
